
Microsoft Visual Studio Solution File, Format Version 11.00
# Visual Studio 2010
Project("{FAE04EC0-301F-11D3-BF4B-00C04F79EFBC}") = "TxKit", "Assembly-CSharp.csproj", "{6E131522-2CB5-F8D8-115F-11AF6ED433A7}"
EndProject
Project("{FAE04EC0-301F-11D3-BF4B-00C04F79EFBC}") = "TxKit", "Assembly-CSharp-Editor.csproj", "{90B9081A-A441-DE26-B8E0-3E885BEFC598}"
EndProject
Global
	GlobalSection(SolutionConfigurationPlatforms) = preSolution
		Debug|Any CPU = Debug|Any CPU
		Release|Any CPU = Release|Any CPU
	EndGlobalSection
	GlobalSection(ProjectConfigurationPlatforms) = postSolution
		{6E131522-2CB5-F8D8-115F-11AF6ED433A7}.Debug|Any CPU.ActiveCfg = Debug|Any CPU
		{6E131522-2CB5-F8D8-115F-11AF6ED433A7}.Debug|Any CPU.Build.0 = Debug|Any CPU
		{6E131522-2CB5-F8D8-115F-11AF6ED433A7}.Release|Any CPU.ActiveCfg = Release|Any CPU
		{6E131522-2CB5-F8D8-115F-11AF6ED433A7}.Release|Any CPU.Build.0 = Release|Any CPU
		{90B9081A-A441-DE26-B8E0-3E885BEFC598}.Debug|Any CPU.ActiveCfg = Debug|Any CPU
		{90B9081A-A441-DE26-B8E0-3E885BEFC598}.Debug|Any CPU.Build.0 = Debug|Any CPU
		{90B9081A-A441-DE26-B8E0-3E885BEFC598}.Release|Any CPU.ActiveCfg = Release|Any CPU
		{90B9081A-A441-DE26-B8E0-3E885BEFC598}.Release|Any CPU.Build.0 = Release|Any CPU
	EndGlobalSection
	GlobalSection(SolutionProperties) = preSolution
		HideSolutionNode = FALSE
	EndGlobalSection
	GlobalSection(MonoDevelopProperties) = preSolution
		StartupItem = Assembly-CSharp.csproj
	EndGlobalSection
EndGlobal
